PODS:
  - Flutter (1.0.0)
  - path_provider_foundation (0.0.1):
    - Flutter
    - FlutterMacOS
  - shared_preferences_foundation (0.0.1):
    - Flutter
    - FlutterMacOS
  - terminate_restart (1.1.0):
    - Flutter

DEPENDENCIES:
  - Flutter (from `Flutter`)
  - path_provider_foundation (from `.symlinks/plugins/path_provider_foundation/darwin`)
  - shared_preferences_foundation (from `.symlinks/plugins/shared_preferences_foundation/darwin`)
  - terminate_restart (from `.symlinks/plugins/terminate_restart/ios`)

EXTERNAL SOURCES:
  Flutter:
    :path: Flutter
  path_provider_foundation:
    :path: ".symlinks/plugins/path_provider_foundation/darwin"
  shared_preferences_foundation:
    :path: ".symlinks/plugins/shared_preferences_foundation/darwin"
  terminate_restart:
    :path: ".symlinks/plugins/terminate_restart/ios"

SPEC CHECKSUMS:
  Flutter: cabc95a1d2626b1b06e7179b784ebcf0c0cde467
  path_provider_foundation: 2b6b4c569c0fb62ec74538f866245ac84301af46
  shared_preferences_foundation: fcdcbc04712aee1108ac7fda236f363274528f78
  terminate_restart: 5d411a57d613e9c718ea63cfa9f00c86d023efd4

PODFILE CHECKSUM: a57f30d18f102dd3ce366b1d62a55ecbef2158e5

COCOAPODS: 1.16.2
